
Microsoft Visual Studio Solution File, Format Version 12.00
# Visual Studio Version 17
VisualStudioVersion = 17.5.002.0
MinimumVisualStudioVersion = 10.0.40219.1
Project("{9A19103F-16F7-4668-BE54-9A1E7A4F7556}") = "ShopRevendb", "ShopRevendb.csproj", "{3A2D1A5D-2580-4F30-A953-49194F08B905}"
EndProject
Global
	GlobalSection(SolutionConfigurationPlatforms) = preSolution
		Debug|Any CPU = Debug|Any CPU
		Release|Any CPU = Release|Any CPU
	EndGlobalSection
	GlobalSection(ProjectConfigurationPlatforms) = postSolution
		{3A2D1A5D-2580-4F30-A953-49194F08B905}.Debug|Any CPU.ActiveCfg = Debug|Any CPU
		{3A2D1A5D-2580-4F30-A953-49194F08B905}.Debug|Any CPU.Build.0 = Debug|Any CPU
		{3A2D1A5D-2580-4F30-A953-49194F08B905}.Release|Any CPU.ActiveCfg = Release|Any CPU
		{3A2D1A5D-2580-4F30-A953-49194F08B905}.Release|Any CPU.Build.0 = Release|Any CPU
	EndGlobalSection
	GlobalSection(SolutionProperties) = preSolution
		HideSolutionNode = FALSE
	EndGlobalSection
	GlobalSection(ExtensibilityGlobals) = postSolution
		SolutionGuid = {E4928A72-34E7-44BA-9912-FFCBD6CDF314}
	EndGlobalSection
EndGlobal
